
Microsoft Visual Studio Solution File, Format Version 12.00
# Visual Studio Version 17
VisualStudioVersion = 17.8.34330.188
MinimumVisualStudioVersion = 10.0.40219.1
Project("{9A19103F-16F7-4668-BE54-9A1E7A4F7556}") = "API", "team-manegement-api\API.csproj", "{88E221ED-3B38-4D70-AE49-525FCB0B86CC}"
	ProjectSection(ProjectDependencies) = postProject
		{4FD29E4F-030E-44C0-B901-9C0931EC1BB3} = {4FD29E4F-030E-44C0-B901-9C0931EC1BB3}
		{D16D8CA5-2129-4502-AF77-50229AD526AC} = {D16D8CA5-2129-4502-AF77-50229AD526AC}
	EndProjectSection
EndProject
Project("{9A19103F-16F7-4668-BE54-9A1E7A4F7556}") = "Core", "Core\Core.csproj", "{D16D8CA5-2129-4502-AF77-50229AD526AC}"
EndProject
Project("{9A19103F-16F7-4668-BE54-9A1E7A4F7556}") = "Infrastructure", "Infrastructure\Infrastructure.csproj", "{30AACD39-CF52-4B9E-B8FF-B96C35B5114C}"
	ProjectSection(ProjectDependencies) = postProject
		{D16D8CA5-2129-4502-AF77-50229AD526AC} = {D16D8CA5-2129-4502-AF77-50229AD526AC}
	EndProjectSection
EndProject
Project("{9A19103F-16F7-4668-BE54-9A1E7A4F7556}") = "Application", "Application\Application.csproj", "{4FD29E4F-030E-44C0-B901-9C0931EC1BB3}"
EndProject
Project("{9A19103F-16F7-4668-BE54-9A1E7A4F7556}") = "Tests", "Tests\Tests.csproj", "{E860A3B0-4A6A-454E-B3E1-C61E52072F7E}"
	ProjectSection(ProjectDependencies) = postProject
		{30AACD39-CF52-4B9E-B8FF-B96C35B5114C} = {30AACD39-CF52-4B9E-B8FF-B96C35B5114C}
		{4FD29E4F-030E-44C0-B901-9C0931EC1BB3} = {4FD29E4F-030E-44C0-B901-9C0931EC1BB3}
		{88E221ED-3B38-4D70-AE49-525FCB0B86CC} = {88E221ED-3B38-4D70-AE49-525FCB0B86CC}
	EndProjectSection
EndProject
Project("{2150E333-8FDC-42A3-9474-1A3956D46DE8}") = "Solution Items", "Solution Items", "{9FBF571B-559A-4A93-8031-6A1084201D37}"
	ProjectSection(SolutionItems) = preProject
		.gitignore = .gitignore
		docker-compose.yml = docker-compose.yml
		README.md = README.md
	EndProjectSection
EndProject
Global
	GlobalSection(SolutionConfigurationPlatforms) = preSolution
		Debug|Any CPU = Debug|Any CPU
		Release|Any CPU = Release|Any CPU
	EndGlobalSection
	GlobalSection(ProjectConfigurationPlatforms) = postSolution
		{88E221ED-3B38-4D70-AE49-525FCB0B86CC}.Debug|Any CPU.ActiveCfg = Debug|Any CPU
		{88E221ED-3B38-4D70-AE49-525FCB0B86CC}.Debug|Any CPU.Build.0 = Debug|Any CPU
		{88E221ED-3B38-4D70-AE49-525FCB0B86CC}.Release|Any CPU.ActiveCfg = Release|Any CPU
		{88E221ED-3B38-4D70-AE49-525FCB0B86CC}.Release|Any CPU.Build.0 = Release|Any CPU
		{D16D8CA5-2129-4502-AF77-50229AD526AC}.Debug|Any CPU.ActiveCfg = Debug|Any CPU
		{D16D8CA5-2129-4502-AF77-50229AD526AC}.Debug|Any CPU.Build.0 = Debug|Any CPU
		{D16D8CA5-2129-4502-AF77-50229AD526AC}.Release|Any CPU.ActiveCfg = Release|Any CPU
		{D16D8CA5-2129-4502-AF77-50229AD526AC}.Release|Any CPU.Build.0 = Release|Any CPU
		{30AACD39-CF52-4B9E-B8FF-B96C35B5114C}.Debug|Any CPU.ActiveCfg = Debug|Any CPU
		{30AACD39-CF52-4B9E-B8FF-B96C35B5114C}.Debug|Any CPU.Build.0 = Debug|Any CPU
		{30AACD39-CF52-4B9E-B8FF-B96C35B5114C}.Release|Any CPU.ActiveCfg = Release|Any CPU
		{30AACD39-CF52-4B9E-B8FF-B96C35B5114C}.Release|Any CPU.Build.0 = Release|Any CPU
		{4FD29E4F-030E-44C0-B901-9C0931EC1BB3}.Debug|Any CPU.ActiveCfg = Debug|Any CPU
		{4FD29E4F-030E-44C0-B901-9C0931EC1BB3}.Debug|Any CPU.Build.0 = Debug|Any CPU
		{4FD29E4F-030E-44C0-B901-9C0931EC1BB3}.Release|Any CPU.ActiveCfg = Release|Any CPU
		{4FD29E4F-030E-44C0-B901-9C0931EC1BB3}.Release|Any CPU.Build.0 = Release|Any CPU
		{E860A3B0-4A6A-454E-B3E1-C61E52072F7E}.Debug|Any CPU.ActiveCfg = Debug|Any CPU
		{E860A3B0-4A6A-454E-B3E1-C61E52072F7E}.Debug|Any CPU.Build.0 = Debug|Any CPU
		{E860A3B0-4A6A-454E-B3E1-C61E52072F7E}.Release|Any CPU.ActiveCfg = Release|Any CPU
		{E860A3B0-4A6A-454E-B3E1-C61E52072F7E}.Release|Any CPU.Build.0 = Release|Any CPU
	EndGlobalSection
	GlobalSection(SolutionProperties) = preSolution
		HideSolutionNode = FALSE
	EndGlobalSection
	GlobalSection(ExtensibilityGlobals) = postSolution
		SolutionGuid = {1B806C5D-8641-4A1C-84E1-94B93A6465B0}
	EndGlobalSection
EndGlobal
